
Microsoft Visual Studio Solution File, Format Version 12.00
# Visual Studio Version 17
VisualStudioVersion = 17.1.32228.430
MinimumVisualStudioVersion = 10.0.40219.1
Project("{FAE04EC0-301F-11D3-BF4B-00C04F79EFBC}") = "RestaurantRater", "RestaurantRater\RestaurantRater.csproj", "{8452E9C9-FD2F-40A7-A5E6-5F67F312C884}"
EndProject
Global
	GlobalSection(SolutionConfigurationPlatforms) = preSolution
		Debug|Any CPU = Debug|Any CPU
		Release|Any CPU = Release|Any CPU
	EndGlobalSection
	GlobalSection(ProjectConfigurationPlatforms) = postSolution
		{8452E9C9-FD2F-40A7-A5E6-5F67F312C884}.Debug|Any CPU.ActiveCfg = Debug|Any CPU
		{8452E9C9-FD2F-40A7-A5E6-5F67F312C884}.Debug|Any CPU.Build.0 = Debug|Any CPU
		{8452E9C9-FD2F-40A7-A5E6-5F67F312C884}.Release|Any CPU.ActiveCfg = Release|Any CPU
		{8452E9C9-FD2F-40A7-A5E6-5F67F312C884}.Release|Any CPU.Build.0 = Release|Any CPU
	EndGlobalSection
	GlobalSection(SolutionProperties) = preSolution
		HideSolutionNode = FALSE
	EndGlobalSection
	GlobalSection(ExtensibilityGlobals) = postSolution
		SolutionGuid = {4BB83463-EDBB-43FF-B93C-9E945F4B6452}
	EndGlobalSection
EndGlobal
